
Microsoft Visual Studio Solution File, Format Version 12.00
Project("{FAE04EC0-301F-11D3-BF4B-00C04F79EFBC}") = "GeneticGameOfLife", "GeneticGameOfLife\GeneticGameOfLife.csproj", "{D89EC395-F2A8-4FDD-ABDD-C5CEF4A4448E}"
EndProject
Global
	GlobalSection(SolutionConfigurationPlatforms) = preSolution
		Debug|Any CPU = Debug|Any CPU
		Release|Any CPU = Release|Any CPU
	EndGlobalSection
	GlobalSection(ProjectConfigurationPlatforms) = postSolution
		{D89EC395-F2A8-4FDD-ABDD-C5CEF4A4448E}.Debug|Any CPU.ActiveCfg = Debug|Any CPU
		{D89EC395-F2A8-4FDD-ABDD-C5CEF4A4448E}.Debug|Any CPU.Build.0 = Debug|Any CPU
		{D89EC395-F2A8-4FDD-ABDD-C5CEF4A4448E}.Release|Any CPU.ActiveCfg = Release|Any CPU
		{D89EC395-F2A8-4FDD-ABDD-C5CEF4A4448E}.Release|Any CPU.Build.0 = Release|Any CPU
	EndGlobalSection
EndGlobal
